// !$*UTF8*$!
{
	archiveVersion = 1;
	classes = {
	};
	objectVersion = 55;
	objects = {

/* Begin PBXBuildFile section */
		0C60383E1BA4804F2651807E /* libPods-MUMSched.a in Frameworks */ = {isa = PBXBuildFile; fileRef = F6E023F203D51B3EB202B8EE /* libPods-MUMSched.a */; };
		BE049F6F27D53954009B7C2E /* AppDelegate.swift in Sources */ = {isa = PBXBuildFile; fileRef = BE049F6E27D53954009B7C2E /* AppDelegate.swift */; };
		BE049F7827D53956009B7C2E /* Assets.xcassets in Resources */ = {isa = PBXBuildFile; fileRef = BE049F7727D53956009B7C2E /* Assets.xcassets */; };
		BE049F7B27D53956009B7C2E /* LaunchScreen.storyboard in Resources */ = {isa = PBXBuildFile; fileRef = BE049F7927D53956009B7C2E /* LaunchScreen.storyboard */; };
		BE049F8627D539B6009B7C2E /* CoursesViewController.swift in Sources */ = {isa = PBXBuildFile; fileRef = BE049F8427D539B6009B7C2E /* CoursesViewController.swift */; };
		BE049F8727D539B6009B7C2E /* CoursesViewController.xib in Resources */ = {isa = PBXBuildFile; fileRef = BE049F8527D539B6009B7C2E /* CoursesViewController.xib */; };
		BE049F8A27D539E0009B7C2E /* CoursesViewModel.swift in Sources */ = {isa = PBXBuildFile; fileRef = BE049F8927D539E0009B7C2E /* CoursesViewModel.swift */; };
		BE049F8D27D53F33009B7C2E /* CellComponent.swift in Sources */ = {isa = PBXBuildFile; fileRef = BE049F8C27D53F33009B7C2E /* CellComponent.swift */; };
		BE049F8F27D53F54009B7C2E /* NibRegistrationView.swift in Sources */ = {isa = PBXBuildFile; fileRef = BE049F8E27D53F54009B7C2E /* NibRegistrationView.swift */; };
		BE049F9127D53F7A009B7C2E /* Utils.swift in Sources */ = {isa = PBXBuildFile; fileRef = BE049F9027D53F7A009B7C2E /* Utils.swift */; };
		BE049F9527D541FB009B7C2E /* CourseTableViewCell.swift in Sources */ = {isa = PBXBuildFile; fileRef = BE049F9327D541FB009B7C2E /* CourseTableViewCell.swift */; };
		BE049F9627D541FB009B7C2E /* CourseTableViewCell.xib in Resources */ = {isa = PBXBuildFile; fileRef = BE049F9427D541FB009B7C2E /* CourseTableViewCell.xib */; };
		BE049F9B27D5561C009B7C2E /* InitialViewController.swift in Sources */ = {isa = PBXBuildFile; fileRef = BE049F9927D5561C009B7C2E /* InitialViewController.swift */; };
		BE049F9C27D5561C009B7C2E /* InitialViewController.xib in Resources */ = {isa = PBXBuildFile; fileRef = BE049F9A27D5561C009B7C2E /* InitialViewController.xib */; };
		BE049F9F27D55B8F009B7C2E /* BaseProtocol.swift in Sources */ = {isa = PBXBuildFile; fileRef = BE049F9E27D55B8F009B7C2E /* BaseProtocol.swift */; };
		BE049FA127D55C25009B7C2E /* ViewControllerExtension.swift in Sources */ = {isa = PBXBuildFile; fileRef = BE049FA027D55C25009B7C2E /* ViewControllerExtension.swift */; };
		BE049FA427D56916009B7C2E /* API.swift in Sources */ = {isa = PBXBuildFile; fileRef = BE049FA327D56916009B7C2E /* API.swift */; };
		BE049FA827D56941009B7C2E /* API+Configuration.swift in Sources */ = {isa = PBXBuildFile; fileRef = BE049FA527D56941009B7C2E /* API+Configuration.swift */; };
		BE049FA927D56941009B7C2E /* API+Requester.swift in Sources */ = {isa = PBXBuildFile; fileRef = BE049FA627D56941009B7C2E /* API+Requester.swift */; };
		BE049FAA27D56941009B7C2E /* API+Request.swift in Sources */ = {isa = PBXBuildFile; fileRef = BE049FA727D56941009B7C2E /* API+Request.swift */; };
		BE049FAE27D56C1A009B7C2E /* AddCourseViewController.swift in Sources */ = {isa = PBXBuildFile; fileRef = BE049FAC27D56C1A009B7C2E /* AddCourseViewController.swift */; };
		BE049FAF27D56C1A009B7C2E /* AddCourseViewController.xib in Resources */ = {isa = PBXBuildFile; fileRef = BE049FAD27D56C1A009B7C2E /* AddCourseViewController.xib */; };
		BE049FB327D56F7D009B7C2E /* InputView.xib in Resources */ = {isa = PBXBuildFile; fileRef = BE049FB127D56F7D009B7C2E /* InputView.xib */; };
		BE049FB427D56F7D009B7C2E /* InputView.swift in Sources */ = {isa = PBXBuildFile; fileRef = BE049FB227D56F7D009B7C2E /* InputView.swift */; };
		BE049FB627D570C4009B7C2E /* NibDesignable.swift in Sources */ = {isa = PBXBuildFile; fileRef = BE049FB527D570C4009B7C2E /* NibDesignable.swift */; };
		BE049FB827D570F2009B7C2E /* UITextFieldPadding.swift in Sources */ = {isa = PBXBuildFile; fileRef = BE049FB727D570F2009B7C2E /* UITextFieldPadding.swift */; };
		BE049FBA27D57D0C009B7C2E /* ViewExtension.swift in Sources */ = {isa = PBXBuildFile; fileRef = BE049FB927D57D0C009B7C2E /* ViewExtension.swift */; };
		BE049FBC27D57D44009B7C2E /* StringExtension.swift in Sources */ = {isa = PBXBuildFile; fileRef = BE049FBB27D57D44009B7C2E /* StringExtension.swift */; };
		BE049FBF27D5B289009B7C2E /* AddCourseViewModel.swift in Sources */ = {isa = PBXBuildFile; fileRef = BE049FBE27D5B289009B7C2E /* AddCourseViewModel.swift */; };
		BE4FA72C27D5C7FE00441B99 /* LoginViewController.swift in Sources */ = {isa = PBXBuildFile; fileRef = BE4FA72A27D5C7FE00441B99 /* LoginViewController.swift */; };
		BE4FA72D27D5C7FE00441B99 /* LoginViewController.xib in Resources */ = {isa = PBXBuildFile; fileRef = BE4FA72B27D5C7FE00441B99 /* LoginViewController.xib */; };
		BE4FA73027D5CA7C00441B99 /* LoginViewModel.swift in Sources */ = {isa = PBXBuildFile; fileRef = BE4FA72F27D5CA7C00441B99 /* LoginViewModel.swift */; };
		BE4FA73327D5CB0D00441B99 /* User.swift in Sources */ = {isa = PBXBuildFile; fileRef = BE4FA73227D5CB0D00441B99 /* User.swift */; };
		BE4FA73527D5D1F600441B99 /* Course.swift in Sources */ = {isa = PBXBuildFile; fileRef = BE4FA73427D5D1F600441B99 /* Course.swift */; };
/* End PBXBuildFile section */

/* Begin PBXFileReference section */
		5A11A0D4DB775EE69D1C8472 /* Pods-MUMSched.debug.xcconfig */ = {isa = PBXFileReference; includeInIndex = 1; lastKnownFileType = text.xcconfig; name = "Pods-MUMSched.debug.xcconfig"; path = "Target Support Files/Pods-MUMSched/Pods-MUMSched.debug.xcconfig"; sourceTree = "<group>"; };
		62BA1E2BEA1DE7600B9FD6C7 /* Pods-MUMSched.release.xcconfig */ = {isa = PBXFileReference; includeInIndex = 1; lastKnownFileType = text.xcconfig; name = "Pods-MUMSched.release.xcconfig"; path = "Target Support Files/Pods-MUMSched/Pods-MUMSched.release.xcconfig"; sourceTree = "<group>"; };
		BE049F6B27D53954009B7C2E /* MUMSched.app */ = {isa = PBXFileReference; explicitFileType = wrapper.application; includeInIndex = 0; path = MUMSched.app; sourceTree = BUILT_PRODUCTS_DIR; };
		BE049F6E27D53954009B7C2E /* AppDelegate.swift */ = {isa = PBXFileReference; lastKnownFileType = sourcecode.swift; path = AppDelegate.swift; sourceTree = "<group>"; };
		BE049F7727D53956009B7C2E /* Assets.xcassets */ = {isa = PBXFileReference; lastKnownFileType = folder.assetcatalog; path = Assets.xcassets; sourceTree = "<group>"; };
		BE049F7A27D53956009B7C2E /* Base */ = {isa = PBXFileReference; lastKnownFileType = file.storyboard; name = Base; path = Base.lproj/LaunchScreen.storyboard; sourceTree = "<group>"; };
		BE049F7C27D53956009B7C2E /* Info.plist */ = {isa = PBXFileReference; lastKnownFileType = text.plist.xml; path = Info.plist; sourceTree = "<group>"; };
		BE049F8427D539B6009B7C2E /* CoursesViewController.swift */ = {isa = PBXFileReference; lastKnownFileType = sourcecode.swift; path = CoursesViewController.swift; sourceTree = "<group>"; };
		BE049F8527D539B6009B7C2E /* CoursesViewController.xib */ = {isa = PBXFileReference; lastKnownFileType = file.xib; path = CoursesViewController.xib; sourceTree = "<group>"; };
		BE049F8927D539E0009B7C2E /* CoursesViewModel.swift */ = {isa = PBXFileReference; lastKnownFileType = sourcecode.swift; path = CoursesViewModel.swift; sourceTree = "<group>"; };
		BE049F8C27D53F33009B7C2E /* CellComponent.swift */ = {isa = PBXFileReference; lastKnownFileType = sourcecode.swift; path = CellComponent.swift; sourceTree = "<group>"; };
		BE049F8E27D53F54009B7C2E /* NibRegistrationView.swift */ = {isa = PBXFileReference; lastKnownFileType = sourcecode.swift; path = NibRegistrationView.swift; sourceTree = "<group>"; };
		BE049F9027D53F7A009B7C2E /* Utils.swift */ = {isa = PBXFileReference; lastKnownFileType = sourcecode.swift; path = Utils.swift; sourceTree = "<group>"; };
		BE049F9327D541FB009B7C2E /* CourseTableViewCell.swift */ = {isa = PBXFileReference; lastKnownFileType = sourcecode.swift; path = CourseTableViewCell.swift; sourceTree = "<group>"; };
		BE049F9427D541FB009B7C2E /* CourseTableViewCell.xib */ = {isa = PBXFileReference; lastKnownFileType = file.xib; path = CourseTableViewCell.xib; sourceTree = "<group>"; };
		BE049F9927D5561C009B7C2E /* InitialViewController.swift */ = {isa = PBXFileReference; lastKnownFileType = sourcecode.swift; path = InitialViewController.swift; sourceTree = "<group>"; };
		BE049F9A27D5561C009B7C2E /* InitialViewController.xib */ = {isa = PBXFileReference; lastKnownFileType = file.xib; path = InitialViewController.xib; sourceTree = "<group>"; };
		BE049F9E27D55B8F009B7C2E /* BaseProtocol.swift */ = {isa = PBXFileReference; fileEncoding = 4; lastKnownFileType = sourcecode.swift; path = BaseProtocol.swift; sourceTree = "<group>"; };
		BE049FA027D55C25009B7C2E /* ViewControllerExtension.swift */ = {isa = PBXFileReference; fileEncoding = 4; lastKnownFileType = sourcecode.swift; path = ViewControllerExtension.swift; sourceTree = "<group>"; };
		BE049FA327D56916009B7C2E /* API.swift */ = {isa = PBXFileReference; lastKnownFileType = sourcecode.swift; path = API.swift; sourceTree = "<group>"; };
		BE049FA527D56941009B7C2E /* API+Configuration.swift */ = {isa = PBXFileReference; fileEncoding = 4; lastKnownFileType = sourcecode.swift; path = "API+Configuration.swift"; sourceTree = "<group>"; };
		BE049FA627D56941009B7C2E /* API+Requester.swift */ = {isa = PBXFileReference; fileEncoding = 4; lastKnownFileType = sourcecode.swift; path = "API+Requester.swift"; sourceTree = "<group>"; };
		BE049FA727D56941009B7C2E /* API+Request.swift */ = {isa = PBXFileReference; fileEncoding = 4; lastKnownFileType = sourcecode.swift; path = "API+Request.swift"; sourceTree = "<group>"; };
		BE049FAC27D56C1A009B7C2E /* AddCourseViewController.swift */ = {isa = PBXFileReference; lastKnownFileType = sourcecode.swift; path = AddCourseViewController.swift; sourceTree = "<group>"; };
		BE049FAD27D56C1A009B7C2E /* AddCourseViewController.xib */ = {isa = PBXFileReference; lastKnownFileType = file.xib; path = AddCourseViewController.xib; sourceTree = "<group>"; };
		BE049FB127D56F7D009B7C2E /* InputView.xib */ = {isa = PBXFileReference; fileEncoding = 4; lastKnownFileType = file.xib; path = InputView.xib; sourceTree = "<group>"; };
		BE049FB227D56F7D009B7C2E /* InputView.swift */ = {isa = PBXFileReference; fileEncoding = 4; lastKnownFileType = sourcecode.swift; path = InputView.swift; sourceTree = "<group>"; };
		BE049FB527D570C4009B7C2E /* NibDesignable.swift */ = {isa = PBXFileReference; fileEncoding = 4; lastKnownFileType = sourcecode.swift; path = NibDesignable.swift; sourceTree = "<group>"; };
		BE049FB727D570F2009B7C2E /* UITextFieldPadding.swift */ = {isa = PBXFileReference; fileEncoding = 4; lastKnownFileType = sourcecode.swift; path = UITextFieldPadding.swift; sourceTree = "<group>"; };
		BE049FB927D57D0C009B7C2E /* ViewExtension.swift */ = {isa = PBXFileReference; lastKnownFileType = sourcecode.swift; path = ViewExtension.swift; sourceTree = "<group>"; };
		BE049FBB27D57D44009B7C2E /* StringExtension.swift */ = {isa = PBXFileReference; fileEncoding = 4; lastKnownFileType = sourcecode.swift; path = StringExtension.swift; sourceTree = "<group>"; };
		BE049FBE27D5B289009B7C2E /* AddCourseViewModel.swift */ = {isa = PBXFileReference; lastKnownFileType = sourcecode.swift; path = AddCourseViewModel.swift; sourceTree = "<group>"; };
		BE4FA72A27D5C7FE00441B99 /* LoginViewController.swift */ = {isa = PBXFileReference; lastKnownFileType = sourcecode.swift; path = LoginViewController.swift; sourceTree = "<group>"; };
		BE4FA72B27D5C7FE00441B99 /* LoginViewController.xib */ = {isa = PBXFileReference; lastKnownFileType = file.xib; path = LoginViewController.xib; sourceTree = "<group>"; };
		BE4FA72F27D5CA7C00441B99 /* LoginViewModel.swift */ = {isa = PBXFileReference; lastKnownFileType = sourcecode.swift; path = LoginViewModel.swift; sourceTree = "<group>"; };
		BE4FA73227D5CB0D00441B99 /* User.swift */ = {isa = PBXFileReference; lastKnownFileType = sourcecode.swift; path = User.swift; sourceTree = "<group>"; };
		BE4FA73427D5D1F600441B99 /* Course.swift */ = {isa = PBXFileReference; lastKnownFileType = sourcecode.swift; path = Course.swift; sourceTree = "<group>"; };
		F6E023F203D51B3EB202B8EE /* libPods-MUMSched.a */ = {isa = PBXFileReference; explicitFileType = archive.ar; includeInIndex = 0; path = "libPods-MUMSched.a"; sourceTree = BUILT_PRODUCTS_DIR; };
/* End PBXFileReference section */

/* Begin PBXFrameworksBuildPhase section */
		BE049F6827D53954009B7C2E /* Frameworks */ = {
			isa = PBXFrameworksBuildPhase;
			buildActionMask = 2147483647;
			files = (
				0C60383E1BA4804F2651807E /* libPods-MUMSched.a in Frameworks */,
			);
			runOnlyForDeploymentPostprocessing = 0;
		};
/* End PBXFrameworksBuildPhase section */

/* Begin PBXGroup section */
		41391BDDB6E4C31767F7F8D4 /* Frameworks */ = {
			isa = PBXGroup;
			children = (
				F6E023F203D51B3EB202B8EE /* libPods-MUMSched.a */,
			);
			name = Frameworks;
			sourceTree = "<group>";
		};
		416256C0F5BA05D7F4B1F2B1 /* Pods */ = {
			isa = PBXGroup;
			children = (
				5A11A0D4DB775EE69D1C8472 /* Pods-MUMSched.debug.xcconfig */,
				62BA1E2BEA1DE7600B9FD6C7 /* Pods-MUMSched.release.xcconfig */,
			);
			path = Pods;
			sourceTree = "<group>";
		};
		BE049F6227D53954009B7C2E = {
			isa = PBXGroup;
			children = (
				BE049F6D27D53954009B7C2E /* MUMSched */,
				BE049F6C27D53954009B7C2E /* Products */,
				416256C0F5BA05D7F4B1F2B1 /* Pods */,
				41391BDDB6E4C31767F7F8D4 /* Frameworks */,
			);
			sourceTree = "<group>";
		};
		BE049F6C27D53954009B7C2E /* Products */ = {
			isa = PBXGroup;
			children = (
				BE049F6B27D53954009B7C2E /* MUMSched.app */,
			);
			name = Products;
			sourceTree = "<group>";
		};
		BE049F6D27D53954009B7C2E /* MUMSched */ = {
			isa = PBXGroup;
			children = (
				BE4FA73127D5CB0200441B99 /* Model */,
				BE049FA227D568F5009B7C2E /* Networking */,
				BE049F9727D555F8009B7C2E /* Scenes */,
				BE049F8B27D53F1E009B7C2E /* Utils */,
				BE049F6E27D53954009B7C2E /* AppDelegate.swift */,
				BE049F7727D53956009B7C2E /* Assets.xcassets */,
				BE049F7927D53956009B7C2E /* LaunchScreen.storyboard */,
				BE049F7C27D53956009B7C2E /* Info.plist */,
			);
			path = MUMSched;
			sourceTree = "<group>";
		};
		BE049F8227D53978009B7C2E /* CoursesFlow */ = {
			isa = PBXGroup;
			children = (
				BE049FAB27D56BFD009B7C2E /* AddCourseViewController */,
				BE049F8327D53998009B7C2E /* CoursesViewController */,
			);
			path = CoursesFlow;
			sourceTree = "<group>";
		};
		BE049F8327D53998009B7C2E /* CoursesViewController */ = {
			isa = PBXGroup;
			children = (
				BE049F9227D541DB009B7C2E /* CourseTableViewCell */,
				BE049F8827D539D3009B7C2E /* ViewModel */,
				BE049F8427D539B6009B7C2E /* CoursesViewController.swift */,
				BE049F8527D539B6009B7C2E /* CoursesViewController.xib */,
			);
			path = CoursesViewController;
			sourceTree = "<group>";
		};
		BE049F8827D539D3009B7C2E /* ViewModel */ = {
			isa = PBXGroup;
			children = (
				BE049F8927D539E0009B7C2E /* CoursesViewModel.swift */,
			);
			path = ViewModel;
			sourceTree = "<group>";
		};
		BE049F8B27D53F1E009B7C2E /* Utils */ = {
			isa = PBXGroup;
			children = (
				BE049FB027D56F7D009B7C2E /* InputView */,
				BE049F9D27D55B59009B7C2E /* BaseClasses */,
				BE049F8C27D53F33009B7C2E /* CellComponent.swift */,
				BE049FB927D57D0C009B7C2E /* ViewExtension.swift */,
				BE049FBB27D57D44009B7C2E /* StringExtension.swift */,
				BE049FB727D570F2009B7C2E /* UITextFieldPadding.swift */,
				BE049FB527D570C4009B7C2E /* NibDesignable.swift */,
				BE049F8E27D53F54009B7C2E /* NibRegistrationView.swift */,
				BE049F9027D53F7A009B7C2E /* Utils.swift */,
			);
			path = Utils;
			sourceTree = "<group>";
		};
		BE049F9227D541DB009B7C2E /* CourseTableViewCell */ = {
			isa = PBXGroup;
			children = (
				BE049F9327D541FB009B7C2E /* CourseTableViewCell.swift */,
				BE049F9427D541FB009B7C2E /* CourseTableViewCell.xib */,
			);
			path = CourseTableViewCell;
			sourceTree = "<group>";
		};
		BE049F9727D555F8009B7C2E /* Scenes */ = {
			isa = PBXGroup;
			children = (
				BE4FA72927D5C7E700441B99 /* LoginViewController */,
				BE049F9827D55603009B7C2E /* InitialViewController */,
				BE049F8227D53978009B7C2E /* CoursesFlow */,
			);
			path = Scenes;
			sourceTree = "<group>";
		};
		BE049F9827D55603009B7C2E /* InitialViewController */ = {
			isa = PBXGroup;
			children = (
				BE049F9927D5561C009B7C2E /* InitialViewController.swift */,
				BE049F9A27D5561C009B7C2E /* InitialViewController.xib */,
			);
			path = InitialViewController;
			sourceTree = "<group>";
		};
		BE049F9D27D55B59009B7C2E /* BaseClasses */ = {
			isa = PBXGroup;
			children = (
				BE049F9E27D55B8F009B7C2E /* BaseProtocol.swift */,
				BE049FA027D55C25009B7C2E /* ViewControllerExtension.swift */,
			);
			path = BaseClasses;
			sourceTree = "<group>";
		};
		BE049FA227D568F5009B7C2E /* Networking */ = {
			isa = PBXGroup;
			children = (
				BE049FA327D56916009B7C2E /* API.swift */,
				BE049FA527D56941009B7C2E /* API+Configuration.swift */,
				BE049FA727D56941009B7C2E /* API+Request.swift */,
				BE049FA627D56941009B7C2E /* API+Requester.swift */,
			);
			path = Networking;
			sourceTree = "<group>";
		};
		BE049FAB27D56BFD009B7C2E /* AddCourseViewController */ = {
			isa = PBXGroup;
			children = (
				BE049FBD27D5B26B009B7C2E /* ViewModel */,
				BE049FAC27D56C1A009B7C2E /* AddCourseViewController.swift */,
				BE049FAD27D56C1A009B7C2E /* AddCourseViewController.xib */,
			);
			path = AddCourseViewController;
			sourceTree = "<group>";
		};
		BE049FB027D56F7D009B7C2E /* InputView */ = {
			isa = PBXGroup;
			children = (
				BE049FB127D56F7D009B7C2E /* InputView.xib */,
				BE049FB227D56F7D009B7C2E /* InputView.swift */,
			);
			path = InputView;
			sourceTree = "<group>";
		};
		BE049FBD27D5B26B009B7C2E /* ViewModel */ = {
			isa = PBXGroup;
			children = (
				BE049FBE27D5B289009B7C2E /* AddCourseViewModel.swift */,
			);
			path = ViewModel;
			sourceTree = "<group>";
		};
		BE4FA72927D5C7E700441B99 /* LoginViewController */ = {
			isa = PBXGroup;
			children = (
				BE4FA72E27D5CA6C00441B99 /* VIewModel */,
				BE4FA72A27D5C7FE00441B99 /* LoginViewController.swift */,
				BE4FA72B27D5C7FE00441B99 /* LoginViewController.xib */,
			);
			path = LoginViewController;
			sourceTree = "<group>";
		};
		BE4FA72E27D5CA6C00441B99 /* VIewModel */ = {
			isa = PBXGroup;
			children = (
				BE4FA72F27D5CA7C00441B99 /* LoginViewModel.swift */,
			);
			path = VIewModel;
			sourceTree = "<group>";
		};
		BE4FA73127D5CB0200441B99 /* Model */ = {
			isa = PBXGroup;
			children = (
				BE4FA73227D5CB0D00441B99 /* User.swift */,
				BE4FA73427D5D1F600441B99 /* Course.swift */,
			);
			path = Model;
			sourceTree = "<group>";
		};
/* End PBXGroup section */

/* Begin PBXNativeTarget section */
		BE049F6A27D53954009B7C2E /* MUMSched */ = {
			isa = PBXNativeTarget;
			buildConfigurationList = BE049F7F27D53956009B7C2E /* Build configuration list for PBXNativeTarget "MUMSched" */;
			buildPhases = (
				AD2DFDAB612F8606539CAC9C /* [CP] Check Pods Manifest.lock */,
				BE049F6727D53954009B7C2E /* Sources */,
				BE049F6827D53954009B7C2E /* Frameworks */,
				BE049F6927D53954009B7C2E /* Resources */,
			);
			buildRules = (
			);
			dependencies = (
			);
			name = MUMSched;
			productName = MUMSched;
			productReference = BE049F6B27D53954009B7C2E /* MUMSched.app */;
			productType = "com.apple.product-type.application";
		};
/* End PBXNativeTarget section */

/* Begin PBXProject section */
		BE049F6327D53954009B7C2E /* Project object */ = {
			isa = PBXProject;
			attributes = {
				BuildIndependentTargetsInParallel = 1;
				LastSwiftUpdateCheck = 1310;
				LastUpgradeCheck = 1310;
				TargetAttributes = {
					BE049F6A27D53954009B7C2E = {
						CreatedOnToolsVersion = 13.1;
					};
				};
			};
			buildConfigurationList = BE049F6627D53954009B7C2E /* Build configuration list for PBXProject "MUMSched" */;
			compatibilityVersion = "Xcode 13.0";
			developmentRegion = en;
			hasScannedForEncodings = 0;
			knownRegions = (
				en,
				Base,
			);
			mainGroup = BE049F6227D53954009B7C2E;
			productRefGroup = BE049F6C27D53954009B7C2E /* Products */;
			projectDirPath = "";
			projectRoot = "";
			targets = (
				BE049F6A27D53954009B7C2E /* MUMSched */,
			);
		};
/* End PBXProject section */

/* Begin PBXResourcesBuildPhase section */
		BE049F6927D53954009B7C2E /* Resources */ = {
			isa = PBXResourcesBuildPhase;
			buildActionMask = 2147483647;
			files = (
				BE4FA72D27D5C7FE00441B99 /* LoginViewController.xib in Resources */,
				BE049F7B27D53956009B7C2E /* LaunchScreen.storyboard in Resources */,
				BE049FAF27D56C1A009B7C2E /* AddCourseViewController.xib in Resources */,
				BE049F8727D539B6009B7C2E /* CoursesViewController.xib in Resources */,
				BE049F7827D53956009B7C2E /* Assets.xcassets in Resources */,
				BE049F9627D541FB009B7C2E /* CourseTableViewCell.xib in Resources */,
				BE049F9C27D5561C009B7C2E /* InitialViewController.xib in Resources */,
				BE049FB327D56F7D009B7C2E /* InputView.xib in Resources */,
			);
			runOnlyForDeploymentPostprocessing = 0;
		};
/* End PBXResourcesBuildPhase section */

/* Begin PBXShellScriptBuildPhase section */
		AD2DFDAB612F8606539CAC9C /* [CP] Check Pods Manifest.lock */ = {
			isa = PBXShellScriptBuildPhase;
			buildActionMask = 2147483647;
			files = (
			);
			inputFileListPaths = (
			);
			inputPaths = (
				"${PODS_PODFILE_DIR_PATH}/Podfile.lock",
				"${PODS_ROOT}/Manifest.lock",
			);
			name = "[CP] Check Pods Manifest.lock";
			outputFileListPaths = (
			);
			outputPaths = (
				"$(DERIVED_FILE_DIR)/Pods-MUMSched-checkManifestLockResult.txt",
			);
			runOnlyForDeploymentPostprocessing = 0;
			shellPath = /bin/sh;
			shellScript = "diff \"${PODS_PODFILE_DIR_PATH}/Podfile.lock\" \"${PODS_ROOT}/Manifest.lock\" > /dev/null\nif [ $? != 0 ] ; then\n    # print error to STDERR\n    echo \"error: The sandbox is not in sync with the Podfile.lock. Run 'pod install' or update your CocoaPods installation.\" >&2\n    exit 1\nfi\n# This output is used by Xcode 'outputs' to avoid re-running this script phase.\necho \"SUCCESS\" > \"${SCRIPT_OUTPUT_FILE_0}\"\n";
			showEnvVarsInLog = 0;
		};
/* End PBXShellScriptBuildPhase section */

/* Begin PBXSourcesBuildPhase section */
		BE049F6727D53954009B7C2E /* Sources */ = {
			isa = PBXSourcesBuildPhase;
			buildActionMask = 2147483647;
			files = (
				BE4FA73027D5CA7C00441B99 /* LoginViewModel.swift in Sources */,
				BE049FA427D56916009B7C2E /* API.swift in Sources */,
				BE049F9F27D55B8F009B7C2E /* BaseProtocol.swift in Sources */,
				BE049F8A27D539E0009B7C2E /* CoursesViewModel.swift in Sources */,
				BE049F8627D539B6009B7C2E /* CoursesViewController.swift in Sources */,
				BE049F8F27D53F54009B7C2E /* NibRegistrationView.swift in Sources */,
				BE049FB427D56F7D009B7C2E /* InputView.swift in Sources */,
				BE049F6F27D53954009B7C2E /* AppDelegate.swift in Sources */,
				BE049FB827D570F2009B7C2E /* UITextFieldPadding.swift in Sources */,
				BE049FBF27D5B289009B7C2E /* AddCourseViewModel.swift in Sources */,
				BE049FAA27D56941009B7C2E /* API+Request.swift in Sources */,
				BE4FA72C27D5C7FE00441B99 /* LoginViewController.swift in Sources */,
				BE049FAE27D56C1A009B7C2E /* AddCourseViewController.swift in Sources */,
				BE049F9B27D5561C009B7C2E /* InitialViewController.swift in Sources */,
				BE049FA927D56941009B7C2E /* API+Requester.swift in Sources */,
				BE049FBC27D57D44009B7C2E /* StringExtension.swift in Sources */,
				BE049FB627D570C4009B7C2E /* NibDesignable.swift in Sources */,
				BE049F9527D541FB009B7C2E /* CourseTableViewCell.swift in Sources */,
				BE049F8D27D53F33009B7C2E /* CellComponent.swift in Sources */,
				BE049FBA27D57D0C009B7C2E /* ViewExtension.swift in Sources */,
				BE4FA73327D5CB0D00441B99 /* User.swift in Sources */,
				BE049FA127D55C25009B7C2E /* ViewControllerExtension.swift in Sources */,
				BE4FA73527D5D1F600441B99 /* Course.swift in Sources */,
				BE049F9127D53F7A009B7C2E /* Utils.swift in Sources */,
				BE049FA827D56941009B7C2E /* API+Configuration.swift in Sources */,
			);
			runOnlyForDeploymentPostprocessing = 0;
		};
/* End PBXSourcesBuildPhase section */

/* Begin PBXVariantGroup section */
		BE049F7927D53956009B7C2E /* LaunchScreen.storyboard */ = {
			isa = PBXVariantGroup;
			children = (
				BE049F7A27D53956009B7C2E /* Base */,
			);
			name = LaunchScreen.storyboard;
			sourceTree = "<group>";
		};
/* End PBXVariantGroup section */

/* Begin XCBuildConfiguration section */
		BE049F7D27D53956009B7C2E /* Debug */ = {
			isa = XCBuildConfiguration;
			buildSettings = {
				ALWAYS_SEARCH_USER_PATHS = NO;
				CLANG_ANALYZER_NONNULL = YES;
				CLANG_ANALYZER_NUMBER_OBJECT_CONVERSION = YES_AGGRESSIVE;
				CLANG_CXX_LANGUAGE_STANDARD = "gnu++17";
				CLANG_CXX_LIBRARY = "libc++";
				CLANG_ENABLE_MODULES = YES;
				CLANG_ENABLE_OBJC_ARC = YES;
				CLANG_ENABLE_OBJC_WEAK = YES;
				CLANG_WARN_BLOCK_CAPTURE_AUTORELEASING = YES;
				CLANG_WARN_BOOL_CONVERSION = YES;
				CLANG_WARN_COMMA = YES;
				CLANG_WARN_CONSTANT_CONVERSION = YES;
				CLANG_WARN_DEPRECATED_OBJC_IMPLEMENTATIONS = YES;
				CLANG_WARN_DIRECT_OBJC_ISA_USAGE = YES_ERROR;
				CLANG_WARN_DOCUMENTATION_COMMENTS = YES;
				CLANG_WARN_EMPTY_BODY = YES;
				CLANG_WARN_ENUM_CONVERSION = YES;
				CLANG_WARN_INFINITE_RECURSION = YES;
				CLANG_WARN_INT_CONVERSION = YES;
				CLANG_WARN_NON_LITERAL_NULL_CONVERSION = YES;
				CLANG_WARN_OBJC_IMPLICIT_RETAIN_SELF = YES;
				CLANG_WARN_OBJC_LITERAL_CONVERSION = YES;
				CLANG_WARN_OBJC_ROOT_CLASS = YES_ERROR;
				CLANG_WARN_QUOTED_INCLUDE_IN_FRAMEWORK_HEADER = YES;
				CLANG_WARN_RANGE_LOOP_ANALYSIS = YES;
				CLANG_WARN_STRICT_PROTOTYPES = YES;
				CLANG_WARN_SUSPICIOUS_MOVE = YES;
				CLANG_WARN_UNGUARDED_AVAILABILITY = YES_AGGRESSIVE;
				CLANG_WARN_UNREACHABLE_CODE = YES;
				CLANG_WARN__DUPLICATE_METHOD_MATCH = YES;
				COPY_PHASE_STRIP = NO;
				DEBUG_INFORMATION_FORMAT = dwarf;
				ENABLE_STRICT_OBJC_MSGSEND = YES;
				ENABLE_TESTABILITY = YES;
				GCC_C_LANGUAGE_STANDARD = gnu11;
				GCC_DYNAMIC_NO_PIC = NO;
				GCC_NO_COMMON_BLOCKS = YES;
				GCC_OPTIMIZATION_LEVEL = 0;
				GCC_PREPROCESSOR_DEFINITIONS = (
					"DEBUG=1",
					"$(inherited)",
				);
				GCC_WARN_64_TO_32_BIT_CONVERSION = YES;
				GCC_WARN_ABOUT_RETURN_TYPE = YES_ERROR;
				GCC_WARN_UNDECLARED_SELECTOR = YES;
				GCC_WARN_UNINITIALIZED_AUTOS = YES_AGGRESSIVE;
				GCC_WARN_UNUSED_FUNCTION = YES;
				GCC_WARN_UNUSED_VARIABLE = YES;
				IPHONEOS_DEPLOYMENT_TARGET = 15.0;
				MTL_ENABLE_DEBUG_INFO = INCLUDE_SOURCE;
				MTL_FAST_MATH = YES;
				ONLY_ACTIVE_ARCH = YES;
				SDKROOT = iphoneos;
				SWIFT_ACTIVE_COMPILATION_CONDITIONS = DEBUG;
				SWIFT_OPTIMIZATION_LEVEL = "-Onone";
			};
			name = Debug;
		};
		BE049F7E27D53956009B7C2E /* Release */ = {
			isa = XCBuildConfiguration;
			buildSettings = {
				ALWAYS_SEARCH_USER_PATHS = NO;
				CLANG_ANALYZER_NONNULL = YES;
				CLANG_ANALYZER_NUMBER_OBJECT_CONVERSION = YES_AGGRESSIVE;
				CLANG_CXX_LANGUAGE_STANDARD = "gnu++17";
				CLANG_CXX_LIBRARY = "libc++";
				CLANG_ENABLE_MODULES = YES;
				CLANG_ENABLE_OBJC_ARC = YES;
				CLANG_ENABLE_OBJC_WEAK = YES;
				CLANG_WARN_BLOCK_CAPTURE_AUTORELEASING = YES;
				CLANG_WARN_BOOL_CONVERSION = YES;
				CLANG_WARN_COMMA = YES;
				CLANG_WARN_CONSTANT_CONVERSION = YES;
				CLANG_WARN_DEPRECATED_OBJC_IMPLEMENTATIONS = YES;
				CLANG_WARN_DIRECT_OBJC_ISA_USAGE = YES_ERROR;
				CLANG_WARN_DOCUMENTATION_COMMENTS = YES;
				CLANG_WARN_EMPTY_BODY = YES;
				CLANG_WARN_ENUM_CONVERSION = YES;
				CLANG_WARN_INFINITE_RECURSION = YES;
				CLANG_WARN_INT_CONVERSION = YES;
				CLANG_WARN_NON_LITERAL_NULL_CONVERSION = YES;
				CLANG_WARN_OBJC_IMPLICIT_RETAIN_SELF = YES;
				CLANG_WARN_OBJC_LITERAL_CONVERSION = YES;
				CLANG_WARN_OBJC_ROOT_CLASS = YES_ERROR;
				CLANG_WARN_QUOTED_INCLUDE_IN_FRAMEWORK_HEADER = YES;
				CLANG_WARN_RANGE_LOOP_ANALYSIS = YES;
				CLANG_WARN_STRICT_PROTOTYPES = YES;
				CLANG_WARN_SUSPICIOUS_MOVE = YES;
				CLANG_WARN_UNGUARDED_AVAILABILITY = YES_AGGRESSIVE;
				CLANG_WARN_UNREACHABLE_CODE = YES;
				CLANG_WARN__DUPLICATE_METHOD_MATCH = YES;
				COPY_PHASE_STRIP = NO;
				DEBUG_INFORMATION_FORMAT = "dwarf-with-dsym";
				ENABLE_NS_ASSERTIONS = NO;
				ENABLE_STRICT_OBJC_MSGSEND = YES;
				GCC_C_LANGUAGE_STANDARD = gnu11;
				GCC_NO_COMMON_BLOCKS = YES;
				GCC_WARN_64_TO_32_BIT_CONVERSION = YES;
				GCC_WARN_ABOUT_RETURN_TYPE = YES_ERROR;
				GCC_WARN_UNDECLARED_SELECTOR = YES;
				GCC_WARN_UNINITIALIZED_AUTOS = YES_AGGRESSIVE;
				GCC_WARN_UNUSED_FUNCTION = YES;
				GCC_WARN_UNUSED_VARIABLE = YES;
				IPHONEOS_DEPLOYMENT_TARGET = 15.0;
				MTL_ENABLE_DEBUG_INFO = NO;
				MTL_FAST_MATH = YES;
				SDKROOT = iphoneos;
				SWIFT_COMPILATION_MODE = wholemodule;
				SWIFT_OPTIMIZATION_LEVEL = "-O";
				VALIDATE_PRODUCT = YES;
			};
			name = Release;
		};
		BE049F8027D53956009B7C2E /* Debug */ = {
			isa = XCBuildConfiguration;
			baseConfigurationReference = 5A11A0D4DB775EE69D1C8472 /* Pods-MUMSched.debug.xcconfig */;
			buildSettings = {
				ASSETCATALOG_COMPILER_APPICON_NAME = AppIcon;
				ASSETCATALOG_COMPILER_GLOBAL_ACCENT_COLOR_NAME = AccentColor;
				CODE_SIGN_STYLE = Automatic;
				CURRENT_PROJECT_VERSION = 1;
				DEVELOPMENT_TEAM = DXGTJAG2UY;
				GENERATE_INFOPLIST_FILE = YES;
				INFOPLIST_FILE = MUMSched/Info.plist;
				INFOPLIST_KEY_UIApplicationSupportsIndirectInputEvents = YES;
				INFOPLIST_KEY_UILaunchStoryboardName = LaunchScreen;
				INFOPLIST_KEY_UISupportedInterfaceOrientations = "UIInterfaceOrientationPortrait UIInterfaceOrientationPortraitUpsideDown";
				INFOPLIST_KEY_UISupportedInterfaceOrientations_iPad = "UIInterfaceOrientationPortrait UIInterfaceOrientationPortraitUpsideDown UIInterfaceOrientationLandscapeLeft UIInterfaceOrientationLandscapeRight";
				INFOPLIST_KEY_UISupportedInterfaceOrientations_iPhone = "UIInterfaceOrientationPortrait UIInterfaceOrientationLandscapeLeft UIInterfaceOrientationLandscapeRight";
				LD_RUNPATH_SEARCH_PATHS = (
					"$(inherited)",
					"@executable_path/Frameworks",
				);
				MARKETING_VERSION = 1.0;
				PRODUCT_BUNDLE_IDENTIFIER = com.miu.MUMSched;
				PRODUCT_NAME = "$(TARGET_NAME)";
				SWIFT_EMIT_LOC_STRINGS = YES;
				SWIFT_VERSION = 5.0;
				TARGETED_DEVICE_FAMILY = "1,2";
			};
			name = Debug;
		};
		BE049F8127D53956009B7C2E /* Release */ = {
			isa = XCBuildConfiguration;
			baseConfigurationReference = 62BA1E2BEA1DE7600B9FD6C7 /* Pods-MUMSched.release.xcconfig */;
			buildSettings = {
				ASSETCATALOG_COMPILER_APPICON_NAME = AppIcon;
				ASSETCATALOG_COMPILER_GLOBAL_ACCENT_COLOR_NAME = AccentColor;
				CODE_SIGN_STYLE = Automatic;
				CURRENT_PROJECT_VERSION = 1;
				DEVELOPMENT_TEAM = DXGTJAG2UY;
				GENERATE_INFOPLIST_FILE = YES;
				INFOPLIST_FILE = MUMSched/Info.plist;
				INFOPLIST_KEY_UIApplicationSupportsIndirectInputEvents = YES;
				INFOPLIST_KEY_UILaunchStoryboardName = LaunchScreen;
				INFOPLIST_KEY_UISupportedInterfaceOrientations = "UIInterfaceOrientationPortrait UIInterfaceOrientationPortraitUpsideDown";
				INFOPLIST_KEY_UISupportedInterfaceOrientations_iPad = "UIInterfaceOrientationPortrait UIInterfaceOrientationPortraitUpsideDown UIInterfaceOrientationLandscapeLeft UIInterfaceOrientationLandscapeRight";
				INFOPLIST_KEY_UISupportedInterfaceOrientations_iPhone = "UIInterfaceOrientationPortrait UIInterfaceOrientationLandscapeLeft UIInterfaceOrientationLandscapeRight";
				LD_RUNPATH_SEARCH_PATHS = (
					"$(inherited)",
					"@executable_path/Frameworks",
				);
				MARKETING_VERSION = 1.0;
				PRODUCT_BUNDLE_IDENTIFIER = com.miu.MUMSched;
				PRODUCT_NAME = "$(TARGET_NAME)";
				SWIFT_EMIT_LOC_STRINGS = YES;
				SWIFT_VERSION = 5.0;
				TARGETED_DEVICE_FAMILY = "1,2";
			};
			name = Release;
		};
/* End XCBuildConfiguration section */

/* Begin XCConfigurationList section */
		BE049F6627D53954009B7C2E /* Build configuration list for PBXProject "MUMSched" */ = {
			isa = XCConfigurationList;
			buildConfigurations = (
				BE049F7D27D53956009B7C2E /* Debug */,
				BE049F7E27D53956009B7C2E /* Release */,
			);
			defaultConfigurationIsVisible = 0;
			defaultConfigurationName = Release;
		};
		BE049F7F27D53956009B7C2E /* Build configuration list for PBXNativeTarget "MUMSched" */ = {
			isa = XCConfigurationList;
			buildConfigurations = (
				BE049F8027D53956009B7C2E /* Debug */,
				BE049F8127D53956009B7C2E /* Release */,
			);
			defaultConfigurationIsVisible = 0;
			defaultConfigurationName = Release;
		};
/* End XCConfigurationList section */
	};
	rootObject = BE049F6327D53954009B7C2E /* Project object */;
}
